
Microsoft Visual Studio Solution File, Format Version 12.00
# Visual Studio Version 17
VisualStudioVersion = 17.5.33414.496
MinimumVisualStudioVersion = 10.0.40219.1
Project("{FAE04EC0-301F-11D3-BF4B-00C04F79EFBC}") = "SysApps1", "SysApps1\SysApps1.csproj", "{CBD9CC8E-CF38-427A-AF29-BE05EAF1E9B3}"
EndProject
Project("{FAE04EC0-301F-11D3-BF4B-00C04F79EFBC}") = "SysApps2_1", "SysApps2_1\SysApps2_1.csproj", "{75CF70BD-73A4-4CE9-9D5B-AFDA11AFA51F}"
EndProject
Project("{FAE04EC0-301F-11D3-BF4B-00C04F79EFBC}") = "SysApps3_1", "SysApps3_1\SysApps3_1.csproj", "{AFDA6178-92C9-4F29-91BC-5C15C24DE913}"
EndProject
Project("{FAE04EC0-301F-11D3-BF4B-00C04F79EFBC}") = "SysApps3_2", "SysApps3_2\SysApps3_2.csproj", "{29284686-0AE3-4545-BCA4-985F52BC0B77}"
EndProject
Project("{FAE04EC0-301F-11D3-BF4B-00C04F79EFBC}") = "SysApps4_1", "SysApps4_1\SysApps4_1.csproj", "{18680A11-6815-436D-9375-439B62D0F9C9}"
EndProject
Global
	GlobalSection(SolutionConfigurationPlatforms) = preSolution
		Debug|Any CPU = Debug|Any CPU
		Release|Any CPU = Release|Any CPU
	EndGlobalSection
	GlobalSection(ProjectConfigurationPlatforms) = postSolution
		{CBD9CC8E-CF38-427A-AF29-BE05EAF1E9B3}.Debug|Any CPU.ActiveCfg = Debug|Any CPU
		{CBD9CC8E-CF38-427A-AF29-BE05EAF1E9B3}.Debug|Any CPU.Build.0 = Debug|Any CPU
		{CBD9CC8E-CF38-427A-AF29-BE05EAF1E9B3}.Release|Any CPU.ActiveCfg = Release|Any CPU
		{CBD9CC8E-CF38-427A-AF29-BE05EAF1E9B3}.Release|Any CPU.Build.0 = Release|Any CPU
		{75CF70BD-73A4-4CE9-9D5B-AFDA11AFA51F}.Debug|Any CPU.ActiveCfg = Debug|Any CPU
		{75CF70BD-73A4-4CE9-9D5B-AFDA11AFA51F}.Debug|Any CPU.Build.0 = Debug|Any CPU
		{75CF70BD-73A4-4CE9-9D5B-AFDA11AFA51F}.Release|Any CPU.ActiveCfg = Release|Any CPU
		{75CF70BD-73A4-4CE9-9D5B-AFDA11AFA51F}.Release|Any CPU.Build.0 = Release|Any CPU
		{AFDA6178-92C9-4F29-91BC-5C15C24DE913}.Debug|Any CPU.ActiveCfg = Debug|Any CPU
		{AFDA6178-92C9-4F29-91BC-5C15C24DE913}.Debug|Any CPU.Build.0 = Debug|Any CPU
		{AFDA6178-92C9-4F29-91BC-5C15C24DE913}.Release|Any CPU.ActiveCfg = Release|Any CPU
		{AFDA6178-92C9-4F29-91BC-5C15C24DE913}.Release|Any CPU.Build.0 = Release|Any CPU
		{29284686-0AE3-4545-BCA4-985F52BC0B77}.Debug|Any CPU.ActiveCfg = Debug|Any CPU
		{29284686-0AE3-4545-BCA4-985F52BC0B77}.Debug|Any CPU.Build.0 = Debug|Any CPU
		{29284686-0AE3-4545-BCA4-985F52BC0B77}.Release|Any CPU.ActiveCfg = Release|Any CPU
		{29284686-0AE3-4545-BCA4-985F52BC0B77}.Release|Any CPU.Build.0 = Release|Any CPU
		{18680A11-6815-436D-9375-439B62D0F9C9}.Debug|Any CPU.ActiveCfg = Debug|Any CPU
		{18680A11-6815-436D-9375-439B62D0F9C9}.Debug|Any CPU.Build.0 = Debug|Any CPU
		{18680A11-6815-436D-9375-439B62D0F9C9}.Release|Any CPU.ActiveCfg = Release|Any CPU
		{18680A11-6815-436D-9375-439B62D0F9C9}.Release|Any CPU.Build.0 = Release|Any CPU
	EndGlobalSection
	GlobalSection(SolutionProperties) = preSolution
		HideSolutionNode = FALSE
	EndGlobalSection
	GlobalSection(ExtensibilityGlobals) = postSolution
		SolutionGuid = {48E85DF2-B603-46C7-84CA-F8C578726E02}
	EndGlobalSection
EndGlobal
