
Microsoft Visual Studio Solution File, Format Version 12.00
# Visual Studio Version 17
VisualStudioVersion = 17.5.33414.496
MinimumVisualStudioVersion = 10.0.40219.1
Project("{FAE04EC0-301F-11D3-BF4B-00C04F79EFBC}") = "SysApps1", "SysApps1\SysApps1.csproj", "{CBD9CC8E-CF38-427A-AF29-BE05EAF1E9B3}"
EndProject
Project("{FAE04EC0-301F-11D3-BF4B-00C04F79EFBC}") = "SysApps2_1", "SysApps2_1\SysApps2_1.csproj", "{75CF70BD-73A4-4CE9-9D5B-AFDA11AFA51F}"
EndProject
Project("{FAE04EC0-301F-11D3-BF4B-00C04F79EFBC}") = "SysApps3_1", "SysApps3_1\SysApps3_1.csproj", "{AFDA6178-92C9-4F29-91BC-5C15C24DE913}"
EndProject
Project("{FAE04EC0-301F-11D3-BF4B-00C04F79EFBC}") = "SysApps3_2", "SysApps3_2\SysApps3_2.csproj", "{29284686-0AE3-4545-BCA4-985F52BC0B77}"
EndProject
Project("{FAE04EC0-301F-11D3-BF4B-00C04F79EFBC}") = "SysApps4_1", "SysApps4_1\SysApps4_1.csproj", "{18680A11-6815-436D-9375-439B62D0F9C9}"
EndProject
Project("{FAE04EC0-301F-11D3-BF4B-00C04F79EFBC}") = "SysApps5_1", "SysApps5_1\SysApps5_1.csproj", "{7F74941E-74E1-4E35-AD56-658431E14A59}"
EndProject
Project("{FAE04EC0-301F-11D3-BF4B-00C04F79EFBC}") = "SysApps6_1", "SysApps6_1\SysApps6_1.csproj", "{07A79BF8-C7E9-4A2B-A1F3-829F30D76500}"
EndProject
Project("{FAE04EC0-301F-11D3-BF4B-00C04F79EFBC}") = "SysApps6_2", "SysApps6_2\SysApps6_2.csproj", "{43C85077-FEB4-414C-8A55-C6D5271585E5}"
EndProject
Project("{FAE04EC0-301F-11D3-BF4B-00C04F79EFBC}") = "SysApps7_1", "SysApps7_1\SysApps7_1.csproj", "{009197F0-12FE-4D76-BB10-A10EE6B05362}"
EndProject
Project("{FAE04EC0-301F-11D3-BF4B-00C04F79EFBC}") = "SysApps8_1", "SysApps8_1\SysApps8_1.csproj", "{872A8203-5F88-4623-A826-B1169A02CB06}"
EndProject
Project("{FAE04EC0-301F-11D3-BF4B-00C04F79EFBC}") = "SysApps8_2", "SysApps8_2\SysApps8_2.csproj", "{7D81E5CC-AD54-40E5-918D-01942A0BFD68}"
EndProject
Project("{FAE04EC0-301F-11D3-BF4B-00C04F79EFBC}") = "SysApps9_1", "SysApps9_1\SysApps9_1.csproj", "{9BA58AAD-8CA7-4A0D-B170-491B0CC3665F}"
EndProject
Global
	GlobalSection(SolutionConfigurationPlatforms) = preSolution
		Debug|Any CPU = Debug|Any CPU
		Release|Any CPU = Release|Any CPU
	EndGlobalSection
	GlobalSection(ProjectConfigurationPlatforms) = postSolution
		{CBD9CC8E-CF38-427A-AF29-BE05EAF1E9B3}.Debug|Any CPU.ActiveCfg = Debug|Any CPU
		{CBD9CC8E-CF38-427A-AF29-BE05EAF1E9B3}.Debug|Any CPU.Build.0 = Debug|Any CPU
		{CBD9CC8E-CF38-427A-AF29-BE05EAF1E9B3}.Release|Any CPU.ActiveCfg = Release|Any CPU
		{CBD9CC8E-CF38-427A-AF29-BE05EAF1E9B3}.Release|Any CPU.Build.0 = Release|Any CPU
		{75CF70BD-73A4-4CE9-9D5B-AFDA11AFA51F}.Debug|Any CPU.ActiveCfg = Debug|Any CPU
		{75CF70BD-73A4-4CE9-9D5B-AFDA11AFA51F}.Debug|Any CPU.Build.0 = Debug|Any CPU
		{75CF70BD-73A4-4CE9-9D5B-AFDA11AFA51F}.Release|Any CPU.ActiveCfg = Release|Any CPU
		{75CF70BD-73A4-4CE9-9D5B-AFDA11AFA51F}.Release|Any CPU.Build.0 = Release|Any CPU
		{AFDA6178-92C9-4F29-91BC-5C15C24DE913}.Debug|Any CPU.ActiveCfg = Debug|Any CPU
		{AFDA6178-92C9-4F29-91BC-5C15C24DE913}.Debug|Any CPU.Build.0 = Debug|Any CPU
		{AFDA6178-92C9-4F29-91BC-5C15C24DE913}.Release|Any CPU.ActiveCfg = Release|Any CPU
		{AFDA6178-92C9-4F29-91BC-5C15C24DE913}.Release|Any CPU.Build.0 = Release|Any CPU
		{29284686-0AE3-4545-BCA4-985F52BC0B77}.Debug|Any CPU.ActiveCfg = Debug|Any CPU
		{29284686-0AE3-4545-BCA4-985F52BC0B77}.Debug|Any CPU.Build.0 = Debug|Any CPU
		{29284686-0AE3-4545-BCA4-985F52BC0B77}.Release|Any CPU.ActiveCfg = Release|Any CPU
		{29284686-0AE3-4545-BCA4-985F52BC0B77}.Release|Any CPU.Build.0 = Release|Any CPU
		{18680A11-6815-436D-9375-439B62D0F9C9}.Debug|Any CPU.ActiveCfg = Debug|Any CPU
		{18680A11-6815-436D-9375-439B62D0F9C9}.Debug|Any CPU.Build.0 = Debug|Any CPU
		{18680A11-6815-436D-9375-439B62D0F9C9}.Release|Any CPU.ActiveCfg = Release|Any CPU
		{18680A11-6815-436D-9375-439B62D0F9C9}.Release|Any CPU.Build.0 = Release|Any CPU
		{7F74941E-74E1-4E35-AD56-658431E14A59}.Debug|Any CPU.ActiveCfg = Debug|Any CPU
		{7F74941E-74E1-4E35-AD56-658431E14A59}.Debug|Any CPU.Build.0 = Debug|Any CPU
		{7F74941E-74E1-4E35-AD56-658431E14A59}.Release|Any CPU.ActiveCfg = Release|Any CPU
		{7F74941E-74E1-4E35-AD56-658431E14A59}.Release|Any CPU.Build.0 = Release|Any CPU
		{07A79BF8-C7E9-4A2B-A1F3-829F30D76500}.Debug|Any CPU.ActiveCfg = Debug|Any CPU
		{07A79BF8-C7E9-4A2B-A1F3-829F30D76500}.Debug|Any CPU.Build.0 = Debug|Any CPU
		{07A79BF8-C7E9-4A2B-A1F3-829F30D76500}.Release|Any CPU.ActiveCfg = Release|Any CPU
		{07A79BF8-C7E9-4A2B-A1F3-829F30D76500}.Release|Any CPU.Build.0 = Release|Any CPU
		{43C85077-FEB4-414C-8A55-C6D5271585E5}.Debug|Any CPU.ActiveCfg = Debug|Any CPU
		{43C85077-FEB4-414C-8A55-C6D5271585E5}.Debug|Any CPU.Build.0 = Debug|Any CPU
		{43C85077-FEB4-414C-8A55-C6D5271585E5}.Release|Any CPU.ActiveCfg = Release|Any CPU
		{43C85077-FEB4-414C-8A55-C6D5271585E5}.Release|Any CPU.Build.0 = Release|Any CPU
		{009197F0-12FE-4D76-BB10-A10EE6B05362}.Debug|Any CPU.ActiveCfg = Debug|Any CPU
		{009197F0-12FE-4D76-BB10-A10EE6B05362}.Debug|Any CPU.Build.0 = Debug|Any CPU
		{009197F0-12FE-4D76-BB10-A10EE6B05362}.Release|Any CPU.ActiveCfg = Release|Any CPU
		{009197F0-12FE-4D76-BB10-A10EE6B05362}.Release|Any CPU.Build.0 = Release|Any CPU
		{872A8203-5F88-4623-A826-B1169A02CB06}.Debug|Any CPU.ActiveCfg = Debug|Any CPU
		{872A8203-5F88-4623-A826-B1169A02CB06}.Debug|Any CPU.Build.0 = Debug|Any CPU
		{872A8203-5F88-4623-A826-B1169A02CB06}.Release|Any CPU.ActiveCfg = Release|Any CPU
		{872A8203-5F88-4623-A826-B1169A02CB06}.Release|Any CPU.Build.0 = Release|Any CPU
		{7D81E5CC-AD54-40E5-918D-01942A0BFD68}.Debug|Any CPU.ActiveCfg = Debug|Any CPU
		{7D81E5CC-AD54-40E5-918D-01942A0BFD68}.Debug|Any CPU.Build.0 = Debug|Any CPU
		{7D81E5CC-AD54-40E5-918D-01942A0BFD68}.Release|Any CPU.ActiveCfg = Release|Any CPU
		{7D81E5CC-AD54-40E5-918D-01942A0BFD68}.Release|Any CPU.Build.0 = Release|Any CPU
		{9BA58AAD-8CA7-4A0D-B170-491B0CC3665F}.Debug|Any CPU.ActiveCfg = Debug|Any CPU
		{9BA58AAD-8CA7-4A0D-B170-491B0CC3665F}.Debug|Any CPU.Build.0 = Debug|Any CPU
		{9BA58AAD-8CA7-4A0D-B170-491B0CC3665F}.Release|Any CPU.ActiveCfg = Release|Any CPU
		{9BA58AAD-8CA7-4A0D-B170-491B0CC3665F}.Release|Any CPU.Build.0 = Release|Any CPU
	EndGlobalSection
	GlobalSection(SolutionProperties) = preSolution
		HideSolutionNode = FALSE
	EndGlobalSection
	GlobalSection(ExtensibilityGlobals) = postSolution
		SolutionGuid = {48E85DF2-B603-46C7-84CA-F8C578726E02}
	EndGlobalSection
EndGlobal
