
Microsoft Visual Studio Solution File, Format Version 12.00
# Visual Studio Version 17
VisualStudioVersion = 17.5.33414.496
MinimumVisualStudioVersion = 10.0.40219.1
Project("{FAE04EC0-301F-11D3-BF4B-00C04F79EFBC}") = "SysApps1", "SysApps1\SysApps1.csproj", "{CBD9CC8E-CF38-427A-AF29-BE05EAF1E9B3}"
EndProject
Global
	GlobalSection(SolutionConfigurationPlatforms) = preSolution
		Debug|Any CPU = Debug|Any CPU
		Release|Any CPU = Release|Any CPU
	EndGlobalSection
	GlobalSection(ProjectConfigurationPlatforms) = postSolution
		{CBD9CC8E-CF38-427A-AF29-BE05EAF1E9B3}.Debug|Any CPU.ActiveCfg = Debug|Any CPU
		{CBD9CC8E-CF38-427A-AF29-BE05EAF1E9B3}.Debug|Any CPU.Build.0 = Debug|Any CPU
		{CBD9CC8E-CF38-427A-AF29-BE05EAF1E9B3}.Release|Any CPU.ActiveCfg = Release|Any CPU
		{CBD9CC8E-CF38-427A-AF29-BE05EAF1E9B3}.Release|Any CPU.Build.0 = Release|Any CPU
	EndGlobalSection
	GlobalSection(SolutionProperties) = preSolution
		HideSolutionNode = FALSE
	EndGlobalSection
	GlobalSection(ExtensibilityGlobals) = postSolution
		SolutionGuid = {48E85DF2-B603-46C7-84CA-F8C578726E02}
	EndGlobalSection
EndGlobal
